
Microsoft Visual Studio Solution File, Format Version 12.00
# Visual Studio 2012
Project("{FAE04EC0-301F-11D3-BF4B-00C04F79EFBC}") = "Bugsnag.Library", "Bugsnag.Library.csproj", "{C5EB6B1E-CE47-49E1-AFC6-4471A94BBA6D}"
EndProject
Project("{FAE04EC0-301F-11D3-BF4B-00C04F79EFBC}") = "Bugsnag.Library.Tests", "..\Bugsnag.Library.Tests\Bugsnag.Library.Tests.csproj", "{18F82CE3-F03D-438B-8007-5D82DAB1F1D2}"
EndProject
Global
	GlobalSection(SolutionConfigurationPlatforms) = preSolution
		Debug|Any CPU = Debug|Any CPU
		Release|Any CPU = Release|Any CPU
	EndGlobalSection
	GlobalSection(ProjectConfigurationPlatforms) = postSolution
		{C5EB6B1E-CE47-49E1-AFC6-4471A94BBA6D}.Debug|Any CPU.ActiveCfg = Debug|Any CPU
		{C5EB6B1E-CE47-49E1-AFC6-4471A94BBA6D}.Debug|Any CPU.Build.0 = Debug|Any CPU
		{C5EB6B1E-CE47-49E1-AFC6-4471A94BBA6D}.Release|Any CPU.ActiveCfg = Release|Any CPU
		{C5EB6B1E-CE47-49E1-AFC6-4471A94BBA6D}.Release|Any CPU.Build.0 = Release|Any CPU
		{18F82CE3-F03D-438B-8007-5D82DAB1F1D2}.Debug|Any CPU.ActiveCfg = Debug|Any CPU
		{18F82CE3-F03D-438B-8007-5D82DAB1F1D2}.Debug|Any CPU.Build.0 = Debug|Any CPU
		{18F82CE3-F03D-438B-8007-5D82DAB1F1D2}.Release|Any CPU.ActiveCfg = Release|Any CPU
		{18F82CE3-F03D-438B-8007-5D82DAB1F1D2}.Release|Any CPU.Build.0 = Release|Any CPU
	EndGlobalSection
	GlobalSection(SolutionProperties) = preSolution
		HideSolutionNode = FALSE
	EndGlobalSection
EndGlobal
